
Microsoft Visual Studio Solution File, Format Version 12.00
# Visual Studio Version 17
VisualStudioVersion = 17.3.32901.215
MinimumVisualStudioVersion = 10.0.40219.1
Project("{9A19103F-16F7-4668-BE54-9A1E7A4F7556}") = "AdventOfCode2022", "AdventOfCode2022\AdventOfCode2022.csproj", "{F92E39F8-197C-4DBE-B506-DA090B54B604}"
EndProject
Project("{9A19103F-16F7-4668-BE54-9A1E7A4F7556}") = "AdventOfCode2022.Day1", "AdventOfCode2022.Day1\AdventOfCode2022.Day1.csproj", "{7B0C5EC0-6974-4F75-90E6-0F1DFC542DFB}"
EndProject
Project("{9A19103F-16F7-4668-BE54-9A1E7A4F7556}") = "AdventOfCode2022.Day2", "AdventOfCode2022.Day2\AdventOfCode2022.Day2.csproj", "{138894C5-8F40-4570-9759-0B3F7C61C22E}"
EndProject
Project("{FAE04EC0-301F-11D3-BF4B-00C04F79EFBC}") = "AdventOfCode2022.Day3", "AdventOfCode2022.Day3\AdventOfCode2022.Day3.csproj", "{2E533CBE-95D5-40B5-8F05-93EF2A55DC57}"
EndProject
Global
	GlobalSection(SolutionConfigurationPlatforms) = preSolution
		Debug|Any CPU = Debug|Any CPU
		Release|Any CPU = Release|Any CPU
	EndGlobalSection
	GlobalSection(ProjectConfigurationPlatforms) = postSolution
		{F92E39F8-197C-4DBE-B506-DA090B54B604}.Debug|Any CPU.ActiveCfg = Debug|Any CPU
		{F92E39F8-197C-4DBE-B506-DA090B54B604}.Debug|Any CPU.Build.0 = Debug|Any CPU
		{F92E39F8-197C-4DBE-B506-DA090B54B604}.Release|Any CPU.ActiveCfg = Release|Any CPU
		{F92E39F8-197C-4DBE-B506-DA090B54B604}.Release|Any CPU.Build.0 = Release|Any CPU
		{7B0C5EC0-6974-4F75-90E6-0F1DFC542DFB}.Debug|Any CPU.ActiveCfg = Debug|Any CPU
		{7B0C5EC0-6974-4F75-90E6-0F1DFC542DFB}.Debug|Any CPU.Build.0 = Debug|Any CPU
		{7B0C5EC0-6974-4F75-90E6-0F1DFC542DFB}.Release|Any CPU.ActiveCfg = Release|Any CPU
		{7B0C5EC0-6974-4F75-90E6-0F1DFC542DFB}.Release|Any CPU.Build.0 = Release|Any CPU
		{138894C5-8F40-4570-9759-0B3F7C61C22E}.Debug|Any CPU.ActiveCfg = Debug|Any CPU
		{138894C5-8F40-4570-9759-0B3F7C61C22E}.Debug|Any CPU.Build.0 = Debug|Any CPU
		{138894C5-8F40-4570-9759-0B3F7C61C22E}.Release|Any CPU.ActiveCfg = Release|Any CPU
		{138894C5-8F40-4570-9759-0B3F7C61C22E}.Release|Any CPU.Build.0 = Release|Any CPU
		{2E533CBE-95D5-40B5-8F05-93EF2A55DC57}.Debug|Any CPU.ActiveCfg = Debug|Any CPU
		{2E533CBE-95D5-40B5-8F05-93EF2A55DC57}.Debug|Any CPU.Build.0 = Debug|Any CPU
		{2E533CBE-95D5-40B5-8F05-93EF2A55DC57}.Release|Any CPU.ActiveCfg = Release|Any CPU
		{2E533CBE-95D5-40B5-8F05-93EF2A55DC57}.Release|Any CPU.Build.0 = Release|Any CPU
	EndGlobalSection
	GlobalSection(SolutionProperties) = preSolution
		HideSolutionNode = FALSE
	EndGlobalSection
	GlobalSection(ExtensibilityGlobals) = postSolution
		SolutionGuid = {0D5464BC-5B8A-4651-B06D-861F56BE5755}
	EndGlobalSection
EndGlobal
