
Microsoft Visual Studio Solution File, Format Version 12.00
# Visual Studio Version 17
VisualStudioVersion = 17.3.32901.215
MinimumVisualStudioVersion = 10.0.40219.1
Project("{9A19103F-16F7-4668-BE54-9A1E7A4F7556}") = "AdventOfCode2022", "AdventOfCode2022\AdventOfCode2022.csproj", "{F92E39F8-197C-4DBE-B506-DA090B54B604}"
EndProject
Project("{9A19103F-16F7-4668-BE54-9A1E7A4F7556}") = "AdventOfCode2022.Day1", "AdventOfCode2022.Day1\AdventOfCode2022.Day1.csproj", "{7B0C5EC0-6974-4F75-90E6-0F1DFC542DFB}"
EndProject
Project("{9A19103F-16F7-4668-BE54-9A1E7A4F7556}") = "AdventOfCode2022.Day2", "AdventOfCode2022.Day2\AdventOfCode2022.Day2.csproj", "{138894C5-8F40-4570-9759-0B3F7C61C22E}"
EndProject
Project("{9A19103F-16F7-4668-BE54-9A1E7A4F7556}") = "AdventOfCode2022.Day3", "AdventOfCode2022.Day3\AdventOfCode2022.Day3.csproj", "{2E533CBE-95D5-40B5-8F05-93EF2A55DC57}"
EndProject
Project("{9A19103F-16F7-4668-BE54-9A1E7A4F7556}") = "AdventOfCode2022.Day5", "AdventOfCode2022.Day5\AdventOfCode2022.Day5.csproj", "{5EADADAA-766E-4B50-A938-B57608812AB3}"
EndProject
Project("{9A19103F-16F7-4668-BE54-9A1E7A4F7556}") = "AdventOfCode2022.Day6", "AdventOfCode2022.Day6\AdventOfCode2022.Day6.csproj", "{EC7EAEAE-49D8-4E7B-8347-D95EBB060F85}"
EndProject
Project("{9A19103F-16F7-4668-BE54-9A1E7A4F7556}") = "AdventOfCode2022.Day4", "AdventOfCode2022.Day4\AdventOfCode2022.Day4.csproj", "{49A07DFF-44A3-4463-808B-DCC19B4C3559}"
EndProject
Project("{9A19103F-16F7-4668-BE54-9A1E7A4F7556}") = "AdventOfCode2022.Day7", "AdventOfCode2022.Day7\AdventOfCode2022.Day7.csproj", "{AFC02968-2B6A-42D7-9051-05BC38C4D228}"
EndProject
Project("{9A19103F-16F7-4668-BE54-9A1E7A4F7556}") = "AdventOfCode2022.Day8", "AdventOfCode2022.Day8\AdventOfCode2022.Day8.csproj", "{A277EC0B-ADAC-447E-A930-6742249395E2}"
EndProject
Project("{9A19103F-16F7-4668-BE54-9A1E7A4F7556}") = "AdventOfCode2022.Day9", "AdventOfCode2022.Day9\AdventOfCode2022.Day9.csproj", "{AB87320A-DE8B-409D-A3C9-8E7D654CE40D}"
EndProject
Project("{9A19103F-16F7-4668-BE54-9A1E7A4F7556}") = "AdventOfCode2022.Day10", "AdventOfCode2022.Day10\AdventOfCode2022.Day10.csproj", "{96C8EC93-B468-4CC0-A29C-0E345F3DE49D}"
EndProject
Project("{9A19103F-16F7-4668-BE54-9A1E7A4F7556}") = "AdventOfCode2022.Day11", "AdventOfCode2022.Day11\AdventOfCode2022.Day11.csproj", "{48842C2F-3ACF-4A3C-9DC0-CE0D224BDE4C}"
EndProject
Project("{9A19103F-16F7-4668-BE54-9A1E7A4F7556}") = "AdventOfCode2022.Day14", "AdventOfCode2022.Day14\AdventOfCode2022.Day14.csproj", "{A7485F04-4B24-4E55-BC98-0890AE7FBF59}"
EndProject
Project("{9A19103F-16F7-4668-BE54-9A1E7A4F7556}") = "AdventOfCode2022.Day12", "AdventOfCode2022.Day12\AdventOfCode2022.Day12.csproj", "{7145701C-F4A4-4C96-9FA7-BCC9CF82C124}"
EndProject
Project("{9A19103F-16F7-4668-BE54-9A1E7A4F7556}") = "AdventOfCode2022.Day13", "AdventOfCode2022.Day13\AdventOfCode2022.Day13.csproj", "{1C1C44DC-A25F-43B0-A527-81FB6191330F}"
EndProject
Project("{9A19103F-16F7-4668-BE54-9A1E7A4F7556}") = "AdventOfCode2022.Day23", "AdventOfCode2022.Day23\AdventOfCode2022.Day23.csproj", "{0B801E9E-72B1-4D1E-87A7-A1F15A32D84B}"
EndProject
Project("{FAE04EC0-301F-11D3-BF4B-00C04F79EFBC}") = "AdventOfCode2022.Day24", "AdventOfCode2022.Day24\AdventOfCode2022.Day24.csproj", "{EAE8B879-8ADB-476A-B84E-8EF9624D5C22}"
EndProject
Global
	GlobalSection(SolutionConfigurationPlatforms) = preSolution
		Debug|Any CPU = Debug|Any CPU
		Release|Any CPU = Release|Any CPU
	EndGlobalSection
	GlobalSection(ProjectConfigurationPlatforms) = postSolution
		{F92E39F8-197C-4DBE-B506-DA090B54B604}.Debug|Any CPU.ActiveCfg = Debug|Any CPU
		{F92E39F8-197C-4DBE-B506-DA090B54B604}.Debug|Any CPU.Build.0 = Debug|Any CPU
		{F92E39F8-197C-4DBE-B506-DA090B54B604}.Release|Any CPU.ActiveCfg = Release|Any CPU
		{F92E39F8-197C-4DBE-B506-DA090B54B604}.Release|Any CPU.Build.0 = Release|Any CPU
		{7B0C5EC0-6974-4F75-90E6-0F1DFC542DFB}.Debug|Any CPU.ActiveCfg = Debug|Any CPU
		{7B0C5EC0-6974-4F75-90E6-0F1DFC542DFB}.Debug|Any CPU.Build.0 = Debug|Any CPU
		{7B0C5EC0-6974-4F75-90E6-0F1DFC542DFB}.Release|Any CPU.ActiveCfg = Release|Any CPU
		{7B0C5EC0-6974-4F75-90E6-0F1DFC542DFB}.Release|Any CPU.Build.0 = Release|Any CPU
		{138894C5-8F40-4570-9759-0B3F7C61C22E}.Debug|Any CPU.ActiveCfg = Debug|Any CPU
		{138894C5-8F40-4570-9759-0B3F7C61C22E}.Debug|Any CPU.Build.0 = Debug|Any CPU
		{138894C5-8F40-4570-9759-0B3F7C61C22E}.Release|Any CPU.ActiveCfg = Release|Any CPU
		{138894C5-8F40-4570-9759-0B3F7C61C22E}.Release|Any CPU.Build.0 = Release|Any CPU
		{2E533CBE-95D5-40B5-8F05-93EF2A55DC57}.Debug|Any CPU.ActiveCfg = Debug|Any CPU
		{2E533CBE-95D5-40B5-8F05-93EF2A55DC57}.Debug|Any CPU.Build.0 = Debug|Any CPU
		{2E533CBE-95D5-40B5-8F05-93EF2A55DC57}.Release|Any CPU.ActiveCfg = Release|Any CPU
		{2E533CBE-95D5-40B5-8F05-93EF2A55DC57}.Release|Any CPU.Build.0 = Release|Any CPU
		{5EADADAA-766E-4B50-A938-B57608812AB3}.Debug|Any CPU.ActiveCfg = Debug|Any CPU
		{5EADADAA-766E-4B50-A938-B57608812AB3}.Debug|Any CPU.Build.0 = Debug|Any CPU
		{5EADADAA-766E-4B50-A938-B57608812AB3}.Release|Any CPU.ActiveCfg = Release|Any CPU
		{5EADADAA-766E-4B50-A938-B57608812AB3}.Release|Any CPU.Build.0 = Release|Any CPU
		{EC7EAEAE-49D8-4E7B-8347-D95EBB060F85}.Debug|Any CPU.ActiveCfg = Debug|Any CPU
		{EC7EAEAE-49D8-4E7B-8347-D95EBB060F85}.Debug|Any CPU.Build.0 = Debug|Any CPU
		{EC7EAEAE-49D8-4E7B-8347-D95EBB060F85}.Release|Any CPU.ActiveCfg = Release|Any CPU
		{EC7EAEAE-49D8-4E7B-8347-D95EBB060F85}.Release|Any CPU.Build.0 = Release|Any CPU
		{49A07DFF-44A3-4463-808B-DCC19B4C3559}.Debug|Any CPU.ActiveCfg = Debug|Any CPU
		{49A07DFF-44A3-4463-808B-DCC19B4C3559}.Debug|Any CPU.Build.0 = Debug|Any CPU
		{49A07DFF-44A3-4463-808B-DCC19B4C3559}.Release|Any CPU.ActiveCfg = Release|Any CPU
		{49A07DFF-44A3-4463-808B-DCC19B4C3559}.Release|Any CPU.Build.0 = Release|Any CPU
		{AFC02968-2B6A-42D7-9051-05BC38C4D228}.Debug|Any CPU.ActiveCfg = Debug|Any CPU
		{AFC02968-2B6A-42D7-9051-05BC38C4D228}.Debug|Any CPU.Build.0 = Debug|Any CPU
		{AFC02968-2B6A-42D7-9051-05BC38C4D228}.Release|Any CPU.ActiveCfg = Release|Any CPU
		{AFC02968-2B6A-42D7-9051-05BC38C4D228}.Release|Any CPU.Build.0 = Release|Any CPU
		{A277EC0B-ADAC-447E-A930-6742249395E2}.Debug|Any CPU.ActiveCfg = Debug|Any CPU
		{A277EC0B-ADAC-447E-A930-6742249395E2}.Debug|Any CPU.Build.0 = Debug|Any CPU
		{A277EC0B-ADAC-447E-A930-6742249395E2}.Release|Any CPU.ActiveCfg = Release|Any CPU
		{A277EC0B-ADAC-447E-A930-6742249395E2}.Release|Any CPU.Build.0 = Release|Any CPU
		{AB87320A-DE8B-409D-A3C9-8E7D654CE40D}.Debug|Any CPU.ActiveCfg = Debug|Any CPU
		{AB87320A-DE8B-409D-A3C9-8E7D654CE40D}.Debug|Any CPU.Build.0 = Debug|Any CPU
		{AB87320A-DE8B-409D-A3C9-8E7D654CE40D}.Release|Any CPU.ActiveCfg = Release|Any CPU
		{AB87320A-DE8B-409D-A3C9-8E7D654CE40D}.Release|Any CPU.Build.0 = Release|Any CPU
		{96C8EC93-B468-4CC0-A29C-0E345F3DE49D}.Debug|Any CPU.ActiveCfg = Debug|Any CPU
		{96C8EC93-B468-4CC0-A29C-0E345F3DE49D}.Debug|Any CPU.Build.0 = Debug|Any CPU
		{96C8EC93-B468-4CC0-A29C-0E345F3DE49D}.Release|Any CPU.ActiveCfg = Release|Any CPU
		{96C8EC93-B468-4CC0-A29C-0E345F3DE49D}.Release|Any CPU.Build.0 = Release|Any CPU
		{48842C2F-3ACF-4A3C-9DC0-CE0D224BDE4C}.Debug|Any CPU.ActiveCfg = Debug|Any CPU
		{48842C2F-3ACF-4A3C-9DC0-CE0D224BDE4C}.Debug|Any CPU.Build.0 = Debug|Any CPU
		{48842C2F-3ACF-4A3C-9DC0-CE0D224BDE4C}.Release|Any CPU.ActiveCfg = Release|Any CPU
		{48842C2F-3ACF-4A3C-9DC0-CE0D224BDE4C}.Release|Any CPU.Build.0 = Release|Any CPU
		{A7485F04-4B24-4E55-BC98-0890AE7FBF59}.Debug|Any CPU.ActiveCfg = Debug|Any CPU
		{A7485F04-4B24-4E55-BC98-0890AE7FBF59}.Debug|Any CPU.Build.0 = Debug|Any CPU
		{A7485F04-4B24-4E55-BC98-0890AE7FBF59}.Release|Any CPU.ActiveCfg = Release|Any CPU
		{A7485F04-4B24-4E55-BC98-0890AE7FBF59}.Release|Any CPU.Build.0 = Release|Any CPU
		{7145701C-F4A4-4C96-9FA7-BCC9CF82C124}.Debug|Any CPU.ActiveCfg = Debug|Any CPU
		{7145701C-F4A4-4C96-9FA7-BCC9CF82C124}.Debug|Any CPU.Build.0 = Debug|Any CPU
		{7145701C-F4A4-4C96-9FA7-BCC9CF82C124}.Release|Any CPU.ActiveCfg = Release|Any CPU
		{7145701C-F4A4-4C96-9FA7-BCC9CF82C124}.Release|Any CPU.Build.0 = Release|Any CPU
		{1C1C44DC-A25F-43B0-A527-81FB6191330F}.Debug|Any CPU.ActiveCfg = Debug|Any CPU
		{1C1C44DC-A25F-43B0-A527-81FB6191330F}.Debug|Any CPU.Build.0 = Debug|Any CPU
		{1C1C44DC-A25F-43B0-A527-81FB6191330F}.Release|Any CPU.ActiveCfg = Release|Any CPU
		{1C1C44DC-A25F-43B0-A527-81FB6191330F}.Release|Any CPU.Build.0 = Release|Any CPU
		{0B801E9E-72B1-4D1E-87A7-A1F15A32D84B}.Debug|Any CPU.ActiveCfg = Debug|Any CPU
		{0B801E9E-72B1-4D1E-87A7-A1F15A32D84B}.Debug|Any CPU.Build.0 = Debug|Any CPU
		{0B801E9E-72B1-4D1E-87A7-A1F15A32D84B}.Release|Any CPU.ActiveCfg = Release|Any CPU
		{0B801E9E-72B1-4D1E-87A7-A1F15A32D84B}.Release|Any CPU.Build.0 = Release|Any CPU
		{EAE8B879-8ADB-476A-B84E-8EF9624D5C22}.Debug|Any CPU.ActiveCfg = Debug|Any CPU
		{EAE8B879-8ADB-476A-B84E-8EF9624D5C22}.Debug|Any CPU.Build.0 = Debug|Any CPU
		{EAE8B879-8ADB-476A-B84E-8EF9624D5C22}.Release|Any CPU.ActiveCfg = Release|Any CPU
		{EAE8B879-8ADB-476A-B84E-8EF9624D5C22}.Release|Any CPU.Build.0 = Release|Any CPU
	EndGlobalSection
	GlobalSection(SolutionProperties) = preSolution
		HideSolutionNode = FALSE
	EndGlobalSection
	GlobalSection(ExtensibilityGlobals) = postSolution
		SolutionGuid = {0D5464BC-5B8A-4651-B06D-861F56BE5755}
	EndGlobalSection
EndGlobal
